
Microsoft Visual Studio Solution File, Format Version 12.00
# Visual Studio Version 16
VisualStudioVersion = 16.0.31911.196
MinimumVisualStudioVersion = 10.0.40219.1
Project("{9A19103F-16F7-4668-BE54-9A1E7A4F7556}") = "UltimitAts.UsersAuthentication", "UsersAuthentication\UltimitAts.UsersAuthentication.csproj", "{CF376407-C585-4F4B-BC9F-DB8E3E52B753}"
EndProject
Project("{9A19103F-16F7-4668-BE54-9A1E7A4F7556}") = "UltimitAts.Data", "Data\UltimitAts.Data.csproj", "{942F24E8-675A-4B1B-A5C7-CAED193EA401}"
EndProject
Project("{9A19103F-16F7-4668-BE54-9A1E7A4F7556}") = "UltimitAts.Infrastructure", "UltimitAts.Infrastructure\UltimitAts.Infrastructure.csproj", "{3F03BF4B-E5AB-4B27-A048-D097DC9344B7}"
EndProject
Project("{9A19103F-16F7-4668-BE54-9A1E7A4F7556}") = "UltimitAts.ElsaWorkflow", "UltimitAts.ElsaWorkflow\UltimitAts.ElsaWorkflow.csproj", "{4C9D423E-E9B6-467A-A683-D5EEABD11480}"
EndProject
Project("{2150E333-8FDC-42A3-9474-1A3956D46DE8}") = "Projects", "Projects", "{6D84E9F6-7ED1-41CD-AC95-7972620F8DE3}"
EndProject
Project("{2150E333-8FDC-42A3-9474-1A3956D46DE8}") = "Layers", "Layers", "{256B6938-0B9F-4390-980B-CD0F38C06498}"
EndProject
Project("{E53339B2-1760-4266-BCC7-CA923CBCF16C}") = "docker-compose", "docker-compose.dcproj", "{6C1643C2-65C1-46BA-9970-D4B309520530}"
EndProject
Project("{9A19103F-16F7-4668-BE54-9A1E7A4F7556}") = "ApiGetway", "ApiGetway\ApiGetway.csproj", "{7B6FF0F7-4ACA-4C49-B346-419124FADADC}"
EndProject
Project("{9A19103F-16F7-4668-BE54-9A1E7A4F7556}") = "UltimitAts.FormBuilder", "UltimitAts.FormBuilder\UltimitAts.FormBuilder.csproj", "{BF9E8828-D27D-4E7B-83CD-64963703F245}"
EndProject
Global
	GlobalSection(SolutionConfigurationPlatforms) = preSolution
		Debug|Any CPU = Debug|Any CPU
		Release|Any CPU = Release|Any CPU
	EndGlobalSection
	GlobalSection(ProjectConfigurationPlatforms) = postSolution
		{CF376407-C585-4F4B-BC9F-DB8E3E52B753}.Debug|Any CPU.ActiveCfg = Debug|Any CPU
		{CF376407-C585-4F4B-BC9F-DB8E3E52B753}.Debug|Any CPU.Build.0 = Debug|Any CPU
		{CF376407-C585-4F4B-BC9F-DB8E3E52B753}.Release|Any CPU.ActiveCfg = Release|Any CPU
		{CF376407-C585-4F4B-BC9F-DB8E3E52B753}.Release|Any CPU.Build.0 = Release|Any CPU
		{942F24E8-675A-4B1B-A5C7-CAED193EA401}.Debug|Any CPU.ActiveCfg = Debug|Any CPU
		{942F24E8-675A-4B1B-A5C7-CAED193EA401}.Debug|Any CPU.Build.0 = Debug|Any CPU
		{942F24E8-675A-4B1B-A5C7-CAED193EA401}.Release|Any CPU.ActiveCfg = Release|Any CPU
		{942F24E8-675A-4B1B-A5C7-CAED193EA401}.Release|Any CPU.Build.0 = Release|Any CPU
		{3F03BF4B-E5AB-4B27-A048-D097DC9344B7}.Debug|Any CPU.ActiveCfg = Debug|Any CPU
		{3F03BF4B-E5AB-4B27-A048-D097DC9344B7}.Debug|Any CPU.Build.0 = Debug|Any CPU
		{3F03BF4B-E5AB-4B27-A048-D097DC9344B7}.Release|Any CPU.ActiveCfg = Release|Any CPU
		{3F03BF4B-E5AB-4B27-A048-D097DC9344B7}.Release|Any CPU.Build.0 = Release|Any CPU
		{4C9D423E-E9B6-467A-A683-D5EEABD11480}.Debug|Any CPU.ActiveCfg = Debug|Any CPU
		{4C9D423E-E9B6-467A-A683-D5EEABD11480}.Debug|Any CPU.Build.0 = Debug|Any CPU
		{4C9D423E-E9B6-467A-A683-D5EEABD11480}.Release|Any CPU.ActiveCfg = Release|Any CPU
		{4C9D423E-E9B6-467A-A683-D5EEABD11480}.Release|Any CPU.Build.0 = Release|Any CPU
		{6C1643C2-65C1-46BA-9970-D4B309520530}.Debug|Any CPU.ActiveCfg = Debug|Any CPU
		{6C1643C2-65C1-46BA-9970-D4B309520530}.Debug|Any CPU.Build.0 = Debug|Any CPU
		{6C1643C2-65C1-46BA-9970-D4B309520530}.Release|Any CPU.ActiveCfg = Release|Any CPU
		{6C1643C2-65C1-46BA-9970-D4B309520530}.Release|Any CPU.Build.0 = Release|Any CPU
		{7B6FF0F7-4ACA-4C49-B346-419124FADADC}.Debug|Any CPU.ActiveCfg = Debug|Any CPU
		{7B6FF0F7-4ACA-4C49-B346-419124FADADC}.Debug|Any CPU.Build.0 = Debug|Any CPU
		{7B6FF0F7-4ACA-4C49-B346-419124FADADC}.Release|Any CPU.ActiveCfg = Release|Any CPU
		{7B6FF0F7-4ACA-4C49-B346-419124FADADC}.Release|Any CPU.Build.0 = Release|Any CPU
		{BF9E8828-D27D-4E7B-83CD-64963703F245}.Debug|Any CPU.ActiveCfg = Debug|Any CPU
		{BF9E8828-D27D-4E7B-83CD-64963703F245}.Debug|Any CPU.Build.0 = Debug|Any CPU
		{BF9E8828-D27D-4E7B-83CD-64963703F245}.Release|Any CPU.ActiveCfg = Release|Any CPU
		{BF9E8828-D27D-4E7B-83CD-64963703F245}.Release|Any CPU.Build.0 = Release|Any CPU
	EndGlobalSection
	GlobalSection(SolutionProperties) = preSolution
		HideSolutionNode = FALSE
	EndGlobalSection
	GlobalSection(NestedProjects) = preSolution
		{CF376407-C585-4F4B-BC9F-DB8E3E52B753} = {6D84E9F6-7ED1-41CD-AC95-7972620F8DE3}
		{942F24E8-675A-4B1B-A5C7-CAED193EA401} = {256B6938-0B9F-4390-980B-CD0F38C06498}
		{3F03BF4B-E5AB-4B27-A048-D097DC9344B7} = {256B6938-0B9F-4390-980B-CD0F38C06498}
		{4C9D423E-E9B6-467A-A683-D5EEABD11480} = {6D84E9F6-7ED1-41CD-AC95-7972620F8DE3}
		{7B6FF0F7-4ACA-4C49-B346-419124FADADC} = {6D84E9F6-7ED1-41CD-AC95-7972620F8DE3}
		{BF9E8828-D27D-4E7B-83CD-64963703F245} = {6D84E9F6-7ED1-41CD-AC95-7972620F8DE3}
	EndGlobalSection
	GlobalSection(ExtensibilityGlobals) = postSolution
		SolutionGuid = {6AAE76ED-65AF-4A59-BDE1-8366BC218EDB}
	EndGlobalSection
EndGlobal
